{
  "name": "SDKGenerator",
  "lockfileVersion": 2,
  "requires": true,
  "packages": {
    "": {
      "dependencies": {
        "ejs": "2.5.7"
      }
    },
    "node_modules/ejs": {
      "version": "2.5.7",
      "resolved": "https://registry.npmjs.org/ejs/-/ejs-2.5.7.tgz",
      "integrity": "sha512-ukpoEmMkRXdzig9UGWFSY+GqurZ+PROb/Q/6NUf+FYlIAI4fO79XFcFzob3TikfbaZZ3OGQAmryINW6/ELWPAg==",
      "engines": {
        "node": ">=0.10.0"
      }
    }
  },
  "dependencies": {
    "ejs": {
      "version": "2.5.7",
      "resolved": "https://registry.npmjs.org/ejs/-/ejs-2.5.7.tgz",
      "integrity": "sha512-ukpoEmMkRXdzig9UGWFSY+GqurZ+PROb/Q/6NUf+FYlIAI4fO79XFcFzob3TikfbaZZ3OGQAmryINW6/ELWPAg=="
    }
  }
}
