
Microsoft Visual Studio Solution File, Format Version 12.00
# Visual Studio 14
VisualStudioVersion = 14.0.25420.1
MinimumVisualStudioVersion = 10.0.40219.1
Project("{9092AA53-FB77-4645-B42D-1CCCA6BD08BD}") = "SDKGenerator", "SDKGenerator.njsproj", "{2BA807EF-310C-43B5-8D42-1ABCFFF39BE9}"
EndProject
Global
	GlobalSection(SolutionConfigurationPlatforms) = preSolution
		ActionScriptSDK|Any CPU = ActionScriptSDK|Any CPU
		CocosSDK|Any CPU = CocosSDK|Any CPU
		CSharpFlat|Any CPU = CSharpFlat|Any CPU
		CSharpSDK|Any CPU = CSharpSDK|Any CPU
		JavaScriptSDK|Any CPU = JavaScriptSDK|Any CPU
		JavaSDK|Any CPU = JavaSDK|Any CPU
		LuaSdk|Any CPU = LuaSdk|Any CPU
		LumberyardSdk|Any CPU = LumberyardSdk|Any CPU
		NodeSDK|Any CPU = NodeSDK|Any CPU
		ObjCSdk|Any CPU = ObjCSdk|Any CPU
		PlayFabGameServer|Any CPU = PlayFabGameServer|Any CPU
		PostmanCollection|Any CPU = PostmanCollection|Any CPU
		UnitySdk|Any CPU = UnitySdk|Any CPU
		UnrealBlueprintSDK|Any CPU = UnrealBlueprintSDK|Any CPU
		UnrealCppSdk|Any CPU = UnrealCppSdk|Any CPU
		WindowsSDK|Any CPU = WindowsSDK|Any CPU
	EndGlobalSection
	GlobalSection(ProjectConfigurationPlatforms) = postSolution
		{2BA807EF-310C-43B5-8D42-1ABCFFF39BE9}.ActionScriptSDK|Any CPU.ActiveCfg = ActionScriptSDK|Any CPU
		{2BA807EF-310C-43B5-8D42-1ABCFFF39BE9}.ActionScriptSDK|Any CPU.Build.0 = ActionScriptSDK|Any CPU
		{2BA807EF-310C-43B5-8D42-1ABCFFF39BE9}.CocosSDK|Any CPU.ActiveCfg = CocosSDK|Any CPU
		{2BA807EF-310C-43B5-8D42-1ABCFFF39BE9}.CocosSDK|Any CPU.Build.0 = CocosSDK|Any CPU
		{2BA807EF-310C-43B5-8D42-1ABCFFF39BE9}.CSharpFlat|Any CPU.ActiveCfg = CSharpFlat|Any CPU
		{2BA807EF-310C-43B5-8D42-1ABCFFF39BE9}.CSharpFlat|Any CPU.Build.0 = CSharpFlat|Any CPU
		{2BA807EF-310C-43B5-8D42-1ABCFFF39BE9}.CSharpSDK|Any CPU.ActiveCfg = CSharpSDK|Any CPU
		{2BA807EF-310C-43B5-8D42-1ABCFFF39BE9}.CSharpSDK|Any CPU.Build.0 = CSharpSDK|Any CPU
		{2BA807EF-310C-43B5-8D42-1ABCFFF39BE9}.JavaScriptSDK|Any CPU.ActiveCfg = JavaScriptSDK|Any CPU
		{2BA807EF-310C-43B5-8D42-1ABCFFF39BE9}.JavaScriptSDK|Any CPU.Build.0 = JavaScriptSDK|Any CPU
		{2BA807EF-310C-43B5-8D42-1ABCFFF39BE9}.JavaSDK|Any CPU.ActiveCfg = JavaSDK|Any CPU
		{2BA807EF-310C-43B5-8D42-1ABCFFF39BE9}.JavaSDK|Any CPU.Build.0 = JavaSDK|Any CPU
		{2BA807EF-310C-43B5-8D42-1ABCFFF39BE9}.LuaSdk|Any CPU.ActiveCfg = LuaSdk|Any CPU
		{2BA807EF-310C-43B5-8D42-1ABCFFF39BE9}.LuaSdk|Any CPU.Build.0 = LuaSdk|Any CPU
		{2BA807EF-310C-43B5-8D42-1ABCFFF39BE9}.LumberyardSdk|Any CPU.ActiveCfg = LumberyardSdk|Any CPU
		{2BA807EF-310C-43B5-8D42-1ABCFFF39BE9}.LumberyardSdk|Any CPU.Build.0 = LumberyardSdk|Any CPU
		{2BA807EF-310C-43B5-8D42-1ABCFFF39BE9}.NodeSDK|Any CPU.ActiveCfg = NodeSDK|Any CPU
		{2BA807EF-310C-43B5-8D42-1ABCFFF39BE9}.NodeSDK|Any CPU.Build.0 = NodeSDK|Any CPU
		{2BA807EF-310C-43B5-8D42-1ABCFFF39BE9}.ObjCSdk|Any CPU.ActiveCfg = ObjCSdk|Any CPU
		{2BA807EF-310C-43B5-8D42-1ABCFFF39BE9}.ObjCSdk|Any CPU.Build.0 = ObjCSdk|Any CPU
		{2BA807EF-310C-43B5-8D42-1ABCFFF39BE9}.PlayFabGameServer|Any CPU.ActiveCfg = PlayFabGameServer|Any CPU
		{2BA807EF-310C-43B5-8D42-1ABCFFF39BE9}.PlayFabGameServer|Any CPU.Build.0 = PlayFabGameServer|Any CPU
		{2BA807EF-310C-43B5-8D42-1ABCFFF39BE9}.PostmanCollection|Any CPU.ActiveCfg = PostmanCollection|Any CPU
		{2BA807EF-310C-43B5-8D42-1ABCFFF39BE9}.PostmanCollection|Any CPU.Build.0 = PostmanCollection|Any CPU
		{2BA807EF-310C-43B5-8D42-1ABCFFF39BE9}.UnitySdk|Any CPU.ActiveCfg = UnitySdk|Any CPU
		{2BA807EF-310C-43B5-8D42-1ABCFFF39BE9}.UnitySdk|Any CPU.Build.0 = UnitySdk|Any CPU
		{2BA807EF-310C-43B5-8D42-1ABCFFF39BE9}.UnrealBlueprintSDK|Any CPU.ActiveCfg = UnrealBlueprintSDK|Any CPU
		{2BA807EF-310C-43B5-8D42-1ABCFFF39BE9}.UnrealBlueprintSDK|Any CPU.Build.0 = UnrealBlueprintSDK|Any CPU
		{2BA807EF-310C-43B5-8D42-1ABCFFF39BE9}.UnrealCppSdk|Any CPU.ActiveCfg = UnrealCppSdk|Any CPU
		{2BA807EF-310C-43B5-8D42-1ABCFFF39BE9}.UnrealCppSdk|Any CPU.Build.0 = UnrealCppSdk|Any CPU
		{2BA807EF-310C-43B5-8D42-1ABCFFF39BE9}.WindowsSDK|Any CPU.ActiveCfg = WindowsSDK|Any CPU
		{2BA807EF-310C-43B5-8D42-1ABCFFF39BE9}.WindowsSDK|Any CPU.Build.0 = WindowsSDK|Any CPU
	EndGlobalSection
	GlobalSection(SolutionProperties) = preSolution
		HideSolutionNode = FALSE
	EndGlobalSection
EndGlobal
