
Microsoft Visual Studio Solution File, Format Version 12.00
# Visual Studio 15
VisualStudioVersion = 15.0.27130.2036
MinimumVisualStudioVersion = 10.0.40219.1
Project("{8BC9CEB8-8B4A-11D0-8D11-00A0C91BC942}") = "cppLinuxTestApp", "testapps\cppLinuxTestApp\cppLinuxTestApp.vcxproj", "{521C0810-6512-47EE-9142-92445DC35912}"
EndProject
Project("{8BC9CEB8-8B4A-11D0-8D11-00A0C91BC942}") = "XPlatCppLinux", "cppsdk\XPlatCppLinux.vcxproj", "{F34F32A5-802C-4ABF-9E17-DC009E02DF97}"
EndProject
Project("{8BC9CEB8-8B4A-11D0-8D11-00A0C91BC942}") = "XPlatCppWindows", "cppsdk\XPlatCppWindows.vcxproj", "{92F6EC5F-B66C-4572-A74D-79329AFF3129}"
EndProject
Project("{8BC9CEB8-8B4A-11D0-8D11-00A0C91BC942}") = "cppWindowsTestApp", "testapps\cppWindowsTestApp\cppWindowsTestApp.vcxproj", "{3E4DF9A7-08A4-4188-9C86-B60605F3710B}"
	ProjectSection(ProjectDependencies) = postProject
		{92F6EC5F-B66C-4572-A74D-79329AFF3129} = {92F6EC5F-B66C-4572-A74D-79329AFF3129}
	EndProjectSection
EndProject
Global
	GlobalSection(SolutionConfigurationPlatforms) = preSolution
		Debug|Any CPU = Debug|Any CPU
		Debug|ARM = Debug|ARM
		Debug|x64 = Debug|x64
		Debug|x86 = Debug|x86
		DebugMT|Any CPU = DebugMT|Any CPU
		DebugMT|ARM = DebugMT|ARM
		DebugMT|x64 = DebugMT|x64
		DebugMT|x86 = DebugMT|x86
		DebugStatic|Any CPU = DebugStatic|Any CPU
		DebugStatic|ARM = DebugStatic|ARM
		DebugStatic|x64 = DebugStatic|x64
		DebugStatic|x86 = DebugStatic|x86
		Release|Any CPU = Release|Any CPU
		Release|ARM = Release|ARM
		Release|x64 = Release|x64
		Release|x86 = Release|x86
		ReleaseMT|Any CPU = ReleaseMT|Any CPU
		ReleaseMT|ARM = ReleaseMT|ARM
		ReleaseMT|x64 = ReleaseMT|x64
		ReleaseMT|x86 = ReleaseMT|x86
		ReleaseStatic|Any CPU = ReleaseStatic|Any CPU
		ReleaseStatic|ARM = ReleaseStatic|ARM
		ReleaseStatic|x64 = ReleaseStatic|x64
		ReleaseStatic|x86 = ReleaseStatic|x86
	EndGlobalSection
	GlobalSection(ProjectConfigurationPlatforms) = postSolution
		{521C0810-6512-47EE-9142-92445DC35912}.Debug|Any CPU.ActiveCfg = Debug|x64
		{521C0810-6512-47EE-9142-92445DC35912}.Debug|Any CPU.Build.0 = Debug|x64
		{521C0810-6512-47EE-9142-92445DC35912}.Debug|ARM.ActiveCfg = Debug|x64
		{521C0810-6512-47EE-9142-92445DC35912}.Debug|x64.ActiveCfg = Debug|x64
		{521C0810-6512-47EE-9142-92445DC35912}.Debug|x86.ActiveCfg = Debug|x64
		{521C0810-6512-47EE-9142-92445DC35912}.DebugMT|Any CPU.ActiveCfg = Debug|x64
		{521C0810-6512-47EE-9142-92445DC35912}.DebugMT|Any CPU.Build.0 = Debug|x64
		{521C0810-6512-47EE-9142-92445DC35912}.DebugMT|ARM.ActiveCfg = Debug|x64
		{521C0810-6512-47EE-9142-92445DC35912}.DebugMT|ARM.Build.0 = Debug|x64
		{521C0810-6512-47EE-9142-92445DC35912}.DebugMT|x64.ActiveCfg = Debug|x64
		{521C0810-6512-47EE-9142-92445DC35912}.DebugMT|x64.Build.0 = Debug|x64
		{521C0810-6512-47EE-9142-92445DC35912}.DebugMT|x86.ActiveCfg = Debug|x64
		{521C0810-6512-47EE-9142-92445DC35912}.DebugMT|x86.Build.0 = Debug|x64
		{521C0810-6512-47EE-9142-92445DC35912}.DebugStatic|Any CPU.ActiveCfg = Debug|x64
		{521C0810-6512-47EE-9142-92445DC35912}.DebugStatic|Any CPU.Build.0 = Debug|x64
		{521C0810-6512-47EE-9142-92445DC35912}.DebugStatic|ARM.ActiveCfg = Debug|x64
		{521C0810-6512-47EE-9142-92445DC35912}.DebugStatic|ARM.Build.0 = Debug|x64
		{521C0810-6512-47EE-9142-92445DC35912}.DebugStatic|x64.ActiveCfg = Debug|x64
		{521C0810-6512-47EE-9142-92445DC35912}.DebugStatic|x64.Build.0 = Debug|x64
		{521C0810-6512-47EE-9142-92445DC35912}.DebugStatic|x86.ActiveCfg = Debug|x64
		{521C0810-6512-47EE-9142-92445DC35912}.DebugStatic|x86.Build.0 = Debug|x64
		{521C0810-6512-47EE-9142-92445DC35912}.Release|Any CPU.ActiveCfg = Debug|x64
		{521C0810-6512-47EE-9142-92445DC35912}.Release|Any CPU.Build.0 = Debug|x64
		{521C0810-6512-47EE-9142-92445DC35912}.Release|ARM.ActiveCfg = Debug|x64
		{521C0810-6512-47EE-9142-92445DC35912}.Release|ARM.Build.0 = Debug|x64
		{521C0810-6512-47EE-9142-92445DC35912}.Release|x64.ActiveCfg = Release|x64
		{521C0810-6512-47EE-9142-92445DC35912}.Release|x86.ActiveCfg = Debug|x64
		{521C0810-6512-47EE-9142-92445DC35912}.Release|x86.Build.0 = Debug|x64
		{521C0810-6512-47EE-9142-92445DC35912}.ReleaseMT|Any CPU.ActiveCfg = Debug|x64
		{521C0810-6512-47EE-9142-92445DC35912}.ReleaseMT|Any CPU.Build.0 = Debug|x64
		{521C0810-6512-47EE-9142-92445DC35912}.ReleaseMT|ARM.ActiveCfg = Debug|x64
		{521C0810-6512-47EE-9142-92445DC35912}.ReleaseMT|ARM.Build.0 = Debug|x64
		{521C0810-6512-47EE-9142-92445DC35912}.ReleaseMT|x64.ActiveCfg = Debug|x64
		{521C0810-6512-47EE-9142-92445DC35912}.ReleaseMT|x64.Build.0 = Debug|x64
		{521C0810-6512-47EE-9142-92445DC35912}.ReleaseMT|x86.ActiveCfg = Debug|x64
		{521C0810-6512-47EE-9142-92445DC35912}.ReleaseMT|x86.Build.0 = Debug|x64
		{521C0810-6512-47EE-9142-92445DC35912}.ReleaseStatic|Any CPU.ActiveCfg = Debug|x64
		{521C0810-6512-47EE-9142-92445DC35912}.ReleaseStatic|Any CPU.Build.0 = Debug|x64
		{521C0810-6512-47EE-9142-92445DC35912}.ReleaseStatic|ARM.ActiveCfg = Debug|x64
		{521C0810-6512-47EE-9142-92445DC35912}.ReleaseStatic|ARM.Build.0 = Debug|x64
		{521C0810-6512-47EE-9142-92445DC35912}.ReleaseStatic|x64.ActiveCfg = Debug|x64
		{521C0810-6512-47EE-9142-92445DC35912}.ReleaseStatic|x64.Build.0 = Debug|x64
		{521C0810-6512-47EE-9142-92445DC35912}.ReleaseStatic|x86.ActiveCfg = Debug|x64
		{521C0810-6512-47EE-9142-92445DC35912}.ReleaseStatic|x86.Build.0 = Debug|x64
		{F34F32A5-802C-4ABF-9E17-DC009E02DF97}.Debug|Any CPU.ActiveCfg = Debug|x64
		{F34F32A5-802C-4ABF-9E17-DC009E02DF97}.Debug|Any CPU.Build.0 = Debug|x64
		{F34F32A5-802C-4ABF-9E17-DC009E02DF97}.Debug|ARM.ActiveCfg = Debug|x64
		{F34F32A5-802C-4ABF-9E17-DC009E02DF97}.Debug|x64.ActiveCfg = Debug|x64
		{F34F32A5-802C-4ABF-9E17-DC009E02DF97}.Debug|x86.ActiveCfg = Debug|x64
		{F34F32A5-802C-4ABF-9E17-DC009E02DF97}.DebugMT|Any CPU.ActiveCfg = Debug|x64
		{F34F32A5-802C-4ABF-9E17-DC009E02DF97}.DebugMT|Any CPU.Build.0 = Debug|x64
		{F34F32A5-802C-4ABF-9E17-DC009E02DF97}.DebugMT|ARM.ActiveCfg = Debug|x64
		{F34F32A5-802C-4ABF-9E17-DC009E02DF97}.DebugMT|ARM.Build.0 = Debug|x64
		{F34F32A5-802C-4ABF-9E17-DC009E02DF97}.DebugMT|x64.ActiveCfg = Debug|x64
		{F34F32A5-802C-4ABF-9E17-DC009E02DF97}.DebugMT|x64.Build.0 = Debug|x64
		{F34F32A5-802C-4ABF-9E17-DC009E02DF97}.DebugMT|x86.ActiveCfg = Debug|x64
		{F34F32A5-802C-4ABF-9E17-DC009E02DF97}.DebugMT|x86.Build.0 = Debug|x64
		{F34F32A5-802C-4ABF-9E17-DC009E02DF97}.DebugStatic|Any CPU.ActiveCfg = Debug|x64
		{F34F32A5-802C-4ABF-9E17-DC009E02DF97}.DebugStatic|Any CPU.Build.0 = Debug|x64
		{F34F32A5-802C-4ABF-9E17-DC009E02DF97}.DebugStatic|ARM.ActiveCfg = Debug|x64
		{F34F32A5-802C-4ABF-9E17-DC009E02DF97}.DebugStatic|ARM.Build.0 = Debug|x64
		{F34F32A5-802C-4ABF-9E17-DC009E02DF97}.DebugStatic|x64.ActiveCfg = Debug|x64
		{F34F32A5-802C-4ABF-9E17-DC009E02DF97}.DebugStatic|x64.Build.0 = Debug|x64
		{F34F32A5-802C-4ABF-9E17-DC009E02DF97}.DebugStatic|x86.ActiveCfg = Debug|x64
		{F34F32A5-802C-4ABF-9E17-DC009E02DF97}.DebugStatic|x86.Build.0 = Debug|x64
		{F34F32A5-802C-4ABF-9E17-DC009E02DF97}.Release|Any CPU.ActiveCfg = Debug|x64
		{F34F32A5-802C-4ABF-9E17-DC009E02DF97}.Release|Any CPU.Build.0 = Debug|x64
		{F34F32A5-802C-4ABF-9E17-DC009E02DF97}.Release|ARM.ActiveCfg = Debug|x64
		{F34F32A5-802C-4ABF-9E17-DC009E02DF97}.Release|ARM.Build.0 = Debug|x64
		{F34F32A5-802C-4ABF-9E17-DC009E02DF97}.Release|x64.ActiveCfg = Release|x64
		{F34F32A5-802C-4ABF-9E17-DC009E02DF97}.Release|x86.ActiveCfg = Debug|x64
		{F34F32A5-802C-4ABF-9E17-DC009E02DF97}.Release|x86.Build.0 = Debug|x64
		{F34F32A5-802C-4ABF-9E17-DC009E02DF97}.ReleaseMT|Any CPU.ActiveCfg = Debug|x64
		{F34F32A5-802C-4ABF-9E17-DC009E02DF97}.ReleaseMT|Any CPU.Build.0 = Debug|x64
		{F34F32A5-802C-4ABF-9E17-DC009E02DF97}.ReleaseMT|ARM.ActiveCfg = Debug|x64
		{F34F32A5-802C-4ABF-9E17-DC009E02DF97}.ReleaseMT|ARM.Build.0 = Debug|x64
		{F34F32A5-802C-4ABF-9E17-DC009E02DF97}.ReleaseMT|x64.ActiveCfg = Debug|x64
		{F34F32A5-802C-4ABF-9E17-DC009E02DF97}.ReleaseMT|x64.Build.0 = Debug|x64
		{F34F32A5-802C-4ABF-9E17-DC009E02DF97}.ReleaseMT|x86.ActiveCfg = Debug|x64
		{F34F32A5-802C-4ABF-9E17-DC009E02DF97}.ReleaseMT|x86.Build.0 = Debug|x64
		{F34F32A5-802C-4ABF-9E17-DC009E02DF97}.ReleaseStatic|Any CPU.ActiveCfg = Debug|x64
		{F34F32A5-802C-4ABF-9E17-DC009E02DF97}.ReleaseStatic|Any CPU.Build.0 = Debug|x64
		{F34F32A5-802C-4ABF-9E17-DC009E02DF97}.ReleaseStatic|ARM.ActiveCfg = Debug|x64
		{F34F32A5-802C-4ABF-9E17-DC009E02DF97}.ReleaseStatic|ARM.Build.0 = Debug|x64
		{F34F32A5-802C-4ABF-9E17-DC009E02DF97}.ReleaseStatic|x64.ActiveCfg = Debug|x64
		{F34F32A5-802C-4ABF-9E17-DC009E02DF97}.ReleaseStatic|x64.Build.0 = Debug|x64
		{F34F32A5-802C-4ABF-9E17-DC009E02DF97}.ReleaseStatic|x86.ActiveCfg = Debug|x64
		{F34F32A5-802C-4ABF-9E17-DC009E02DF97}.ReleaseStatic|x86.Build.0 = Debug|x64
		{92F6EC5F-B66C-4572-A74D-79329AFF3129}.Debug|Any CPU.ActiveCfg = Debug|x64
		{92F6EC5F-B66C-4572-A74D-79329AFF3129}.Debug|Any CPU.Build.0 = Debug|x64
		{92F6EC5F-B66C-4572-A74D-79329AFF3129}.Debug|ARM.ActiveCfg = Debug|x64
		{92F6EC5F-B66C-4572-A74D-79329AFF3129}.Debug|x64.ActiveCfg = Debug|x64
		{92F6EC5F-B66C-4572-A74D-79329AFF3129}.Debug|x64.Build.0 = Debug|x64
		{92F6EC5F-B66C-4572-A74D-79329AFF3129}.Debug|x86.ActiveCfg = Debug|x64
		{92F6EC5F-B66C-4572-A74D-79329AFF3129}.DebugMT|Any CPU.ActiveCfg = Debug|x64
		{92F6EC5F-B66C-4572-A74D-79329AFF3129}.DebugMT|Any CPU.Build.0 = Debug|x64
		{92F6EC5F-B66C-4572-A74D-79329AFF3129}.DebugMT|ARM.ActiveCfg = Debug|x64
		{92F6EC5F-B66C-4572-A74D-79329AFF3129}.DebugMT|ARM.Build.0 = Debug|x64
		{92F6EC5F-B66C-4572-A74D-79329AFF3129}.DebugMT|x64.ActiveCfg = Debug|x64
		{92F6EC5F-B66C-4572-A74D-79329AFF3129}.DebugMT|x64.Build.0 = Debug|x64
		{92F6EC5F-B66C-4572-A74D-79329AFF3129}.DebugMT|x86.ActiveCfg = Debug|x64
		{92F6EC5F-B66C-4572-A74D-79329AFF3129}.DebugMT|x86.Build.0 = Debug|x64
		{92F6EC5F-B66C-4572-A74D-79329AFF3129}.DebugStatic|Any CPU.ActiveCfg = Debug|x64
		{92F6EC5F-B66C-4572-A74D-79329AFF3129}.DebugStatic|Any CPU.Build.0 = Debug|x64
		{92F6EC5F-B66C-4572-A74D-79329AFF3129}.DebugStatic|ARM.ActiveCfg = Debug|x64
		{92F6EC5F-B66C-4572-A74D-79329AFF3129}.DebugStatic|ARM.Build.0 = Debug|x64
		{92F6EC5F-B66C-4572-A74D-79329AFF3129}.DebugStatic|x64.ActiveCfg = Debug|x64
		{92F6EC5F-B66C-4572-A74D-79329AFF3129}.DebugStatic|x64.Build.0 = Debug|x64
		{92F6EC5F-B66C-4572-A74D-79329AFF3129}.DebugStatic|x86.ActiveCfg = Debug|x64
		{92F6EC5F-B66C-4572-A74D-79329AFF3129}.DebugStatic|x86.Build.0 = Debug|x64
		{92F6EC5F-B66C-4572-A74D-79329AFF3129}.Release|Any CPU.ActiveCfg = Debug|x64
		{92F6EC5F-B66C-4572-A74D-79329AFF3129}.Release|Any CPU.Build.0 = Debug|x64
		{92F6EC5F-B66C-4572-A74D-79329AFF3129}.Release|ARM.ActiveCfg = Debug|x64
		{92F6EC5F-B66C-4572-A74D-79329AFF3129}.Release|ARM.Build.0 = Debug|x64
		{92F6EC5F-B66C-4572-A74D-79329AFF3129}.Release|x64.ActiveCfg = Release|x64
		{92F6EC5F-B66C-4572-A74D-79329AFF3129}.Release|x64.Build.0 = Release|x64
		{92F6EC5F-B66C-4572-A74D-79329AFF3129}.Release|x86.ActiveCfg = Debug|x64
		{92F6EC5F-B66C-4572-A74D-79329AFF3129}.Release|x86.Build.0 = Debug|x64
		{92F6EC5F-B66C-4572-A74D-79329AFF3129}.ReleaseMT|Any CPU.ActiveCfg = Debug|x64
		{92F6EC5F-B66C-4572-A74D-79329AFF3129}.ReleaseMT|Any CPU.Build.0 = Debug|x64
		{92F6EC5F-B66C-4572-A74D-79329AFF3129}.ReleaseMT|ARM.ActiveCfg = Debug|x64
		{92F6EC5F-B66C-4572-A74D-79329AFF3129}.ReleaseMT|ARM.Build.0 = Debug|x64
		{92F6EC5F-B66C-4572-A74D-79329AFF3129}.ReleaseMT|x64.ActiveCfg = Debug|x64
		{92F6EC5F-B66C-4572-A74D-79329AFF3129}.ReleaseMT|x64.Build.0 = Debug|x64
		{92F6EC5F-B66C-4572-A74D-79329AFF3129}.ReleaseMT|x86.ActiveCfg = Debug|x64
		{92F6EC5F-B66C-4572-A74D-79329AFF3129}.ReleaseMT|x86.Build.0 = Debug|x64
		{92F6EC5F-B66C-4572-A74D-79329AFF3129}.ReleaseStatic|Any CPU.ActiveCfg = Debug|x64
		{92F6EC5F-B66C-4572-A74D-79329AFF3129}.ReleaseStatic|Any CPU.Build.0 = Debug|x64
		{92F6EC5F-B66C-4572-A74D-79329AFF3129}.ReleaseStatic|ARM.ActiveCfg = Debug|x64
		{92F6EC5F-B66C-4572-A74D-79329AFF3129}.ReleaseStatic|ARM.Build.0 = Debug|x64
		{92F6EC5F-B66C-4572-A74D-79329AFF3129}.ReleaseStatic|x64.ActiveCfg = Debug|x64
		{92F6EC5F-B66C-4572-A74D-79329AFF3129}.ReleaseStatic|x64.Build.0 = Debug|x64
		{92F6EC5F-B66C-4572-A74D-79329AFF3129}.ReleaseStatic|x86.ActiveCfg = Debug|x64
		{92F6EC5F-B66C-4572-A74D-79329AFF3129}.ReleaseStatic|x86.Build.0 = Debug|x64
		{3E4DF9A7-08A4-4188-9C86-B60605F3710B}.Debug|Any CPU.ActiveCfg = Debug|x64
		{3E4DF9A7-08A4-4188-9C86-B60605F3710B}.Debug|ARM.ActiveCfg = Debug|x64
		{3E4DF9A7-08A4-4188-9C86-B60605F3710B}.Debug|x64.ActiveCfg = Debug|x64
		{3E4DF9A7-08A4-4188-9C86-B60605F3710B}.Debug|x64.Build.0 = Debug|x64
		{3E4DF9A7-08A4-4188-9C86-B60605F3710B}.Debug|x64.Deploy.0 = Debug|x64
		{3E4DF9A7-08A4-4188-9C86-B60605F3710B}.Debug|x86.ActiveCfg = Debug|x64
		{3E4DF9A7-08A4-4188-9C86-B60605F3710B}.DebugMT|Any CPU.ActiveCfg = Release|x64
		{3E4DF9A7-08A4-4188-9C86-B60605F3710B}.DebugMT|Any CPU.Build.0 = Release|x64
		{3E4DF9A7-08A4-4188-9C86-B60605F3710B}.DebugMT|Any CPU.Deploy.0 = Release|x64
		{3E4DF9A7-08A4-4188-9C86-B60605F3710B}.DebugMT|ARM.ActiveCfg = Release|x64
		{3E4DF9A7-08A4-4188-9C86-B60605F3710B}.DebugMT|ARM.Build.0 = Release|x64
		{3E4DF9A7-08A4-4188-9C86-B60605F3710B}.DebugMT|ARM.Deploy.0 = Release|x64
		{3E4DF9A7-08A4-4188-9C86-B60605F3710B}.DebugMT|x64.ActiveCfg = Debug|x64
		{3E4DF9A7-08A4-4188-9C86-B60605F3710B}.DebugMT|x64.Build.0 = Debug|x64
		{3E4DF9A7-08A4-4188-9C86-B60605F3710B}.DebugMT|x64.Deploy.0 = Debug|x64
		{3E4DF9A7-08A4-4188-9C86-B60605F3710B}.DebugMT|x86.ActiveCfg = Release|x64
		{3E4DF9A7-08A4-4188-9C86-B60605F3710B}.DebugMT|x86.Build.0 = Release|x64
		{3E4DF9A7-08A4-4188-9C86-B60605F3710B}.DebugMT|x86.Deploy.0 = Release|x64
		{3E4DF9A7-08A4-4188-9C86-B60605F3710B}.DebugStatic|Any CPU.ActiveCfg = Release|x64
		{3E4DF9A7-08A4-4188-9C86-B60605F3710B}.DebugStatic|Any CPU.Build.0 = Release|x64
		{3E4DF9A7-08A4-4188-9C86-B60605F3710B}.DebugStatic|Any CPU.Deploy.0 = Release|x64
		{3E4DF9A7-08A4-4188-9C86-B60605F3710B}.DebugStatic|ARM.ActiveCfg = Release|x64
		{3E4DF9A7-08A4-4188-9C86-B60605F3710B}.DebugStatic|ARM.Build.0 = Release|x64
		{3E4DF9A7-08A4-4188-9C86-B60605F3710B}.DebugStatic|ARM.Deploy.0 = Release|x64
		{3E4DF9A7-08A4-4188-9C86-B60605F3710B}.DebugStatic|x64.ActiveCfg = Debug|x64
		{3E4DF9A7-08A4-4188-9C86-B60605F3710B}.DebugStatic|x64.Build.0 = Debug|x64
		{3E4DF9A7-08A4-4188-9C86-B60605F3710B}.DebugStatic|x64.Deploy.0 = Debug|x64
		{3E4DF9A7-08A4-4188-9C86-B60605F3710B}.DebugStatic|x86.ActiveCfg = Release|x64
		{3E4DF9A7-08A4-4188-9C86-B60605F3710B}.DebugStatic|x86.Build.0 = Release|x64
		{3E4DF9A7-08A4-4188-9C86-B60605F3710B}.DebugStatic|x86.Deploy.0 = Release|x64
		{3E4DF9A7-08A4-4188-9C86-B60605F3710B}.Release|Any CPU.ActiveCfg = Release|x64
		{3E4DF9A7-08A4-4188-9C86-B60605F3710B}.Release|ARM.ActiveCfg = Release|x64
		{3E4DF9A7-08A4-4188-9C86-B60605F3710B}.Release|x64.ActiveCfg = Release|x64
		{3E4DF9A7-08A4-4188-9C86-B60605F3710B}.Release|x64.Build.0 = Release|x64
		{3E4DF9A7-08A4-4188-9C86-B60605F3710B}.Release|x64.Deploy.0 = Release|x64
		{3E4DF9A7-08A4-4188-9C86-B60605F3710B}.Release|x86.ActiveCfg = Release|x64
		{3E4DF9A7-08A4-4188-9C86-B60605F3710B}.ReleaseMT|Any CPU.ActiveCfg = Release|x64
		{3E4DF9A7-08A4-4188-9C86-B60605F3710B}.ReleaseMT|Any CPU.Build.0 = Release|x64
		{3E4DF9A7-08A4-4188-9C86-B60605F3710B}.ReleaseMT|Any CPU.Deploy.0 = Release|x64
		{3E4DF9A7-08A4-4188-9C86-B60605F3710B}.ReleaseMT|ARM.ActiveCfg = Release|x64
		{3E4DF9A7-08A4-4188-9C86-B60605F3710B}.ReleaseMT|ARM.Build.0 = Release|x64
		{3E4DF9A7-08A4-4188-9C86-B60605F3710B}.ReleaseMT|ARM.Deploy.0 = Release|x64
		{3E4DF9A7-08A4-4188-9C86-B60605F3710B}.ReleaseMT|x64.ActiveCfg = Release|x64
		{3E4DF9A7-08A4-4188-9C86-B60605F3710B}.ReleaseMT|x64.Build.0 = Release|x64
		{3E4DF9A7-08A4-4188-9C86-B60605F3710B}.ReleaseMT|x64.Deploy.0 = Release|x64
		{3E4DF9A7-08A4-4188-9C86-B60605F3710B}.ReleaseMT|x86.ActiveCfg = Release|x64
		{3E4DF9A7-08A4-4188-9C86-B60605F3710B}.ReleaseMT|x86.Build.0 = Release|x64
		{3E4DF9A7-08A4-4188-9C86-B60605F3710B}.ReleaseMT|x86.Deploy.0 = Release|x64
		{3E4DF9A7-08A4-4188-9C86-B60605F3710B}.ReleaseStatic|Any CPU.ActiveCfg = Release|x64
		{3E4DF9A7-08A4-4188-9C86-B60605F3710B}.ReleaseStatic|Any CPU.Build.0 = Release|x64
		{3E4DF9A7-08A4-4188-9C86-B60605F3710B}.ReleaseStatic|Any CPU.Deploy.0 = Release|x64
		{3E4DF9A7-08A4-4188-9C86-B60605F3710B}.ReleaseStatic|ARM.ActiveCfg = Release|x64
		{3E4DF9A7-08A4-4188-9C86-B60605F3710B}.ReleaseStatic|ARM.Build.0 = Release|x64
		{3E4DF9A7-08A4-4188-9C86-B60605F3710B}.ReleaseStatic|ARM.Deploy.0 = Release|x64
		{3E4DF9A7-08A4-4188-9C86-B60605F3710B}.ReleaseStatic|x64.ActiveCfg = Release|x64
		{3E4DF9A7-08A4-4188-9C86-B60605F3710B}.ReleaseStatic|x64.Build.0 = Release|x64
		{3E4DF9A7-08A4-4188-9C86-B60605F3710B}.ReleaseStatic|x64.Deploy.0 = Release|x64
		{3E4DF9A7-08A4-4188-9C86-B60605F3710B}.ReleaseStatic|x86.ActiveCfg = Release|x64
		{3E4DF9A7-08A4-4188-9C86-B60605F3710B}.ReleaseStatic|x86.Build.0 = Release|x64
		{3E4DF9A7-08A4-4188-9C86-B60605F3710B}.ReleaseStatic|x86.Deploy.0 = Release|x64
	EndGlobalSection
	GlobalSection(SolutionProperties) = preSolution
		HideSolutionNode = FALSE
	EndGlobalSection
	GlobalSection(ExtensibilityGlobals) = postSolution
		SolutionGuid = {3F4F42F0-0F64-4D7F-9C01-7918C9A0828F}
	EndGlobalSection
EndGlobal
